
Microsoft Visual Studio Solution File, Format Version 12.00
# Visual Studio Version 17
VisualStudioVersion = 17.0.31903.59
MinimumVisualStudioVersion = 10.0.40219.1
Project("{2150E333-8FDC-42A3-9474-1A3956D46DE8}") = "02. Core", "02. Core", "{0DFB7483-7C01-4543-AE90-0441B19D8B39}"
EndProject
Project("{2150E333-8FDC-42A3-9474-1A3956D46DE8}") = "03. Infra", "03. Infra", "{8925132E-E4AD-4430-BF82-3A485148218E}"
EndProject
Project("{2150E333-8FDC-42A3-9474-1A3956D46DE8}") = "Data", "Data", "{F1449C27-091A-4F62-853E-ED28F9B381CA}"
EndProject
Project("{2150E333-8FDC-42A3-9474-1A3956D46DE8}") = "04. Endpoint", "04. Endpoint", "{A40EB73F-D12D-41FF-9BBB-3EA36C85E107}"
EndProject
Project("{2150E333-8FDC-42A3-9474-1A3956D46DE8}") = "01. Common", "01. Common", "{83051466-5BDC-4ED0-8CF2-F52DCD1A1F84}"
EndProject
Project("{2150E333-8FDC-42A3-9474-1A3956D46DE8}") = "src", "src", "{8065319B-F775-4BD8-9278-D571DAE7937E}"
EndProject
Project("{2150E333-8FDC-42A3-9474-1A3956D46DE8}") = "tests", "tests", "{63A0DAAF-9018-4B25-94C3-D42EED36FB4E}"
EndProject
Project("{9A19103F-16F7-4668-BE54-9A1E7A4F7556}") = "CleanArchSample.Api", "src\04. Endpoint\CleanArchSample.Api\CleanArchSample.Api.csproj", "{15423648-2073-436B-A36E-BFDDE0DE5E97}"
EndProject
Project("{9A19103F-16F7-4668-BE54-9A1E7A4F7556}") = "CleanArch.ApplicationServices", "src\02. Core\CleanArch.ApplicationServices\CleanArch.ApplicationServices.csproj", "{6111B87F-B175-4754-A454-AC5256D1C29A}"
EndProject
Project("{9A19103F-16F7-4668-BE54-9A1E7A4F7556}") = "CleanArch.Domain", "src\02. Core\CleanArch.Domain\CleanArch.Domain.csproj", "{99AAEF73-D865-4A06-A2DE-5222E6444A86}"
EndProject
Project("{FAE04EC0-301F-11D3-BF4B-00C04F79EFBC}") = "CleanArch.Common", "src\01. Common\CleanArch.Common\CleanArch.Common.csproj", "{CE577EB5-1176-48BB-84AC-F8FEE5CA661A}"
EndProject
Project("{2150E333-8FDC-42A3-9474-1A3956D46DE8}") = "IoC", "IoC", "{FFD6048C-8D50-49CB-9F54-94A6440A61D2}"
EndProject
Project("{FAE04EC0-301F-11D3-BF4B-00C04F79EFBC}") = "CleanArch.Infra.IoC", "src\03. Data\IoC\CleanArch.Infra.IoC\CleanArch.Infra.IoC.csproj", "{C2CB6EA0-5A9F-47C3-AB8A-4EFBA51A3ED2}"
EndProject
Project("{FAE04EC0-301F-11D3-BF4B-00C04F79EFBC}") = "CleanArch.Infra.Data.SqlServer", "src\03. Data\Data\CleanArch.Infra.Data.SqlServer\CleanArch.Infra.Data.SqlServer.csproj", "{6B45AD26-D00C-4823-B93B-33521A8EE668}"
EndProject
Global
	GlobalSection(SolutionConfigurationPlatforms) = preSolution
		Debug|Any CPU = Debug|Any CPU
		Release|Any CPU = Release|Any CPU
	EndGlobalSection
	GlobalSection(ProjectConfigurationPlatforms) = postSolution
		{15423648-2073-436B-A36E-BFDDE0DE5E97}.Debug|Any CPU.ActiveCfg = Debug|Any CPU
		{15423648-2073-436B-A36E-BFDDE0DE5E97}.Debug|Any CPU.Build.0 = Debug|Any CPU
		{15423648-2073-436B-A36E-BFDDE0DE5E97}.Release|Any CPU.ActiveCfg = Release|Any CPU
		{15423648-2073-436B-A36E-BFDDE0DE5E97}.Release|Any CPU.Build.0 = Release|Any CPU
		{6111B87F-B175-4754-A454-AC5256D1C29A}.Debug|Any CPU.ActiveCfg = Debug|Any CPU
		{6111B87F-B175-4754-A454-AC5256D1C29A}.Debug|Any CPU.Build.0 = Debug|Any CPU
		{6111B87F-B175-4754-A454-AC5256D1C29A}.Release|Any CPU.ActiveCfg = Release|Any CPU
		{6111B87F-B175-4754-A454-AC5256D1C29A}.Release|Any CPU.Build.0 = Release|Any CPU
		{99AAEF73-D865-4A06-A2DE-5222E6444A86}.Debug|Any CPU.ActiveCfg = Debug|Any CPU
		{99AAEF73-D865-4A06-A2DE-5222E6444A86}.Debug|Any CPU.Build.0 = Debug|Any CPU
		{99AAEF73-D865-4A06-A2DE-5222E6444A86}.Release|Any CPU.ActiveCfg = Release|Any CPU
		{99AAEF73-D865-4A06-A2DE-5222E6444A86}.Release|Any CPU.Build.0 = Release|Any CPU
		{CE577EB5-1176-48BB-84AC-F8FEE5CA661A}.Debug|Any CPU.ActiveCfg = Debug|Any CPU
		{CE577EB5-1176-48BB-84AC-F8FEE5CA661A}.Debug|Any CPU.Build.0 = Debug|Any CPU
		{CE577EB5-1176-48BB-84AC-F8FEE5CA661A}.Release|Any CPU.ActiveCfg = Release|Any CPU
		{CE577EB5-1176-48BB-84AC-F8FEE5CA661A}.Release|Any CPU.Build.0 = Release|Any CPU
		{C2CB6EA0-5A9F-47C3-AB8A-4EFBA51A3ED2}.Debug|Any CPU.ActiveCfg = Debug|Any CPU
		{C2CB6EA0-5A9F-47C3-AB8A-4EFBA51A3ED2}.Debug|Any CPU.Build.0 = Debug|Any CPU
		{C2CB6EA0-5A9F-47C3-AB8A-4EFBA51A3ED2}.Release|Any CPU.ActiveCfg = Release|Any CPU
		{C2CB6EA0-5A9F-47C3-AB8A-4EFBA51A3ED2}.Release|Any CPU.Build.0 = Release|Any CPU
		{6B45AD26-D00C-4823-B93B-33521A8EE668}.Debug|Any CPU.ActiveCfg = Debug|Any CPU
		{6B45AD26-D00C-4823-B93B-33521A8EE668}.Debug|Any CPU.Build.0 = Debug|Any CPU
		{6B45AD26-D00C-4823-B93B-33521A8EE668}.Release|Any CPU.ActiveCfg = Release|Any CPU
		{6B45AD26-D00C-4823-B93B-33521A8EE668}.Release|Any CPU.Build.0 = Release|Any CPU
	EndGlobalSection
	GlobalSection(SolutionProperties) = preSolution
		HideSolutionNode = FALSE
	EndGlobalSection
	GlobalSection(NestedProjects) = preSolution
		{0DFB7483-7C01-4543-AE90-0441B19D8B39} = {8065319B-F775-4BD8-9278-D571DAE7937E}
		{8925132E-E4AD-4430-BF82-3A485148218E} = {8065319B-F775-4BD8-9278-D571DAE7937E}
		{F1449C27-091A-4F62-853E-ED28F9B381CA} = {8925132E-E4AD-4430-BF82-3A485148218E}
		{A40EB73F-D12D-41FF-9BBB-3EA36C85E107} = {8065319B-F775-4BD8-9278-D571DAE7937E}
		{83051466-5BDC-4ED0-8CF2-F52DCD1A1F84} = {8065319B-F775-4BD8-9278-D571DAE7937E}
		{15423648-2073-436B-A36E-BFDDE0DE5E97} = {A40EB73F-D12D-41FF-9BBB-3EA36C85E107}
		{6111B87F-B175-4754-A454-AC5256D1C29A} = {0DFB7483-7C01-4543-AE90-0441B19D8B39}
		{99AAEF73-D865-4A06-A2DE-5222E6444A86} = {0DFB7483-7C01-4543-AE90-0441B19D8B39}
		{CE577EB5-1176-48BB-84AC-F8FEE5CA661A} = {83051466-5BDC-4ED0-8CF2-F52DCD1A1F84}
		{FFD6048C-8D50-49CB-9F54-94A6440A61D2} = {8925132E-E4AD-4430-BF82-3A485148218E}
		{C2CB6EA0-5A9F-47C3-AB8A-4EFBA51A3ED2} = {FFD6048C-8D50-49CB-9F54-94A6440A61D2}
		{6B45AD26-D00C-4823-B93B-33521A8EE668} = {F1449C27-091A-4F62-853E-ED28F9B381CA}
	EndGlobalSection
	GlobalSection(ExtensibilityGlobals) = postSolution
		SolutionGuid = {3C12DBE0-1B32-40FB-8FEE-F4E08E0F5B67}
	EndGlobalSection
EndGlobal
